
Microsoft Visual Studio Solution File, Format Version 11.00
# Visual Studio 2010
Project("{8BC9CEB8-8B4A-11D0-8D11-00A0C91BC942}") = "stack", "stack\stack.vcxproj", "{AD44E2FE-D24F-4E9A-A598-D2CDA4FA5CCA}"
EndProject
Global
	GlobalSection(SolutionConfigurationPlatforms) = preSolution
		Debug|Win32 = Debug|Win32
		Release|Win32 = Release|Win32
	EndGlobalSection
	GlobalSection(ProjectConfigurationPlatforms) = postSolution
		{AD44E2FE-D24F-4E9A-A598-D2CDA4FA5CCA}.Debug|Win32.ActiveCfg = Debug|Win32
		{AD44E2FE-D24F-4E9A-A598-D2CDA4FA5CCA}.Debug|Win32.Build.0 = Debug|Win32
		{AD44E2FE-D24F-4E9A-A598-D2CDA4FA5CCA}.Release|Win32.ActiveCfg = Release|Win32
		{AD44E2FE-D24F-4E9A-A598-D2CDA4FA5CCA}.Release|Win32.Build.0 = Release|Win32
	EndGlobalSection
	GlobalSection(SolutionProperties) = preSolution
		HideSolutionNode = FALSE
	EndGlobalSection
EndGlobal
